
Microsoft Visual Studio Solution File, Format Version 12.00
# Visual Studio Version 16
VisualStudioVersion = 16.0.29418.71
MinimumVisualStudioVersion = 10.0.40219.1
Project("{FAE04EC0-301F-11D3-BF4B-00C04F79EFBC}") = "P01_HospitalDatabase", "P01_HospitalDatabase\P01_HospitalDatabase.csproj", "{D06EDD12-6F20-4F65-9872-58EA109DF24B}"
EndProject
Project("{FAE04EC0-301F-11D3-BF4B-00C04F79EFBC}") = "P03_SalesDatabase", "..\P03_SalesDatabase\P03_SalesDatabase.csproj", "{33AAD4C5-D0CD-43FD-A76D-C93FD7576269}"
EndProject
Global
	GlobalSection(SolutionConfigurationPlatforms) = preSolution
		Debug|Any CPU = Debug|Any CPU
		Release|Any CPU = Release|Any CPU
	EndGlobalSection
	GlobalSection(ProjectConfigurationPlatforms) = postSolution
		{D06EDD12-6F20-4F65-9872-58EA109DF24B}.Debug|Any CPU.ActiveCfg = Debug|Any CPU
		{D06EDD12-6F20-4F65-9872-58EA109DF24B}.Debug|Any CPU.Build.0 = Debug|Any CPU
		{D06EDD12-6F20-4F65-9872-58EA109DF24B}.Release|Any CPU.ActiveCfg = Release|Any CPU
		{D06EDD12-6F20-4F65-9872-58EA109DF24B}.Release|Any CPU.Build.0 = Release|Any CPU
		{33AAD4C5-D0CD-43FD-A76D-C93FD7576269}.Debug|Any CPU.ActiveCfg = Debug|Any CPU
		{33AAD4C5-D0CD-43FD-A76D-C93FD7576269}.Debug|Any CPU.Build.0 = Debug|Any CPU
		{33AAD4C5-D0CD-43FD-A76D-C93FD7576269}.Release|Any CPU.ActiveCfg = Release|Any CPU
		{33AAD4C5-D0CD-43FD-A76D-C93FD7576269}.Release|Any CPU.Build.0 = Release|Any CPU
	EndGlobalSection
	GlobalSection(SolutionProperties) = preSolution
		HideSolutionNode = FALSE
	EndGlobalSection
	GlobalSection(ExtensibilityGlobals) = postSolution
		SolutionGuid = {D5C957A8-B13B-4CCA-BF96-6D5EA67B3A6A}
	EndGlobalSection
EndGlobal
