
Microsoft Visual Studio Solution File, Format Version 12.00
# Visual Studio Version 16
VisualStudioVersion = 16.0.28803.156
MinimumVisualStudioVersion = 10.0.40219.1
Project("{9A19103F-16F7-4668-BE54-9A1E7A4F7556}") = "SIS.HTTP", "SIS.HTTP\SIS.HTTP.csproj", "{B0EFD95C-2CC9-4A0D-AC00-97D65BED98DF}"
EndProject
Project("{2150E333-8FDC-42A3-9474-1A3956D46DE8}") = "Apps", "Apps", "{47708129-C3E2-4FE2-8D79-454C78149925}"
EndProject
Project("{9A19103F-16F7-4668-BE54-9A1E7A4F7556}") = "SIS.MvcFramework.Tests", "SIS.MvcFramework.Tests\SIS.MvcFramework.Tests.csproj", "{89E33653-E5F3-4474-A12E-AC4220682C11}"
EndProject
Project("{9A19103F-16F7-4668-BE54-9A1E7A4F7556}") = "SIS.MvcFramework", "SIS.MvcFramework\SIS.MvcFramework.csproj", "{D224C3DB-34C3-4904-8E92-8BAA6A316183}"
EndProject
Project("{2150E333-8FDC-42A3-9474-1A3956D46DE8}") = "SULS", "SULS", "{6B2DA201-80ED-4E34-B53F-8496F0ED4CF7}"
EndProject
Project("{9A19103F-16F7-4668-BE54-9A1E7A4F7556}") = "SULS.App", "Apps\SULS\SULS.App\SULS.App.csproj", "{3F309F06-E91F-43A8-A5BF-AB233E377DBC}"
EndProject
Project("{9A19103F-16F7-4668-BE54-9A1E7A4F7556}") = "SULS.Models", "Apps\SULS\SULS.Models\SULS.Models.csproj", "{00DD1336-CC88-42ED-BB5D-0FFFA3E0EC58}"
EndProject
Project("{9A19103F-16F7-4668-BE54-9A1E7A4F7556}") = "SULS.Services", "Apps\SULS\SULS.Services\SULS.Services.csproj", "{6ACCCC69-8557-4584-82AB-909134D014FB}"
EndProject
Project("{9A19103F-16F7-4668-BE54-9A1E7A4F7556}") = "SULS.Data", "Apps\SULS\SULS.Data\SULS.Data.csproj", "{CC4FA1F8-50BF-4AFA-8032-4B226A9673BC}"
EndProject
Project("{2150E333-8FDC-42A3-9474-1A3956D46DE8}") = "Torshia", "Torshia", "{668D1ED8-B875-4C6E-A54E-C9B295871B49}"
EndProject
Project("{9A19103F-16F7-4668-BE54-9A1E7A4F7556}") = "Torshia.App", "Apps\Torshia\Torshia.App\Torshia.App.csproj", "{FD163BCC-64ED-4162-9B24-F06B1AAC0A34}"
EndProject
Project("{9A19103F-16F7-4668-BE54-9A1E7A4F7556}") = "Torshia.Data", "Apps\Torshia\Torshia.Data\Torshia.Data.csproj", "{B7AE0755-A639-4137-BA4A-182762669958}"
EndProject
Project("{9A19103F-16F7-4668-BE54-9A1E7A4F7556}") = "Torshia.Models", "Apps\Torshia\Torshia.Models\Torshia.Models.csproj", "{DA468161-9EA5-4BE0-BF92-EF4861CB218B}"
EndProject
Project("{9A19103F-16F7-4668-BE54-9A1E7A4F7556}") = "Torshia.Services", "Apps\Torshia\Torshia.Services\Torshia.Services.csproj", "{F5DB9A37-454D-4EC8-AF9B-EB1922BD0C06}"
EndProject
Project("{2150E333-8FDC-42A3-9474-1A3956D46DE8}") = "Musaca", "Musaca", "{14368B58-E4AC-43A4-A7DA-422016AE6FFB}"
EndProject
Project("{FAE04EC0-301F-11D3-BF4B-00C04F79EFBC}") = "Musaca.App", "Apps\Musaca\Musaca.App\Musaca.App.csproj", "{FC52B700-7D2E-475D-8CB1-34D9629DEE21}"
EndProject
Project("{FAE04EC0-301F-11D3-BF4B-00C04F79EFBC}") = "Musaca.Data", "Apps\Musaca\Musaca.Data\Musaca.Data.csproj", "{F5382B51-C9A9-4727-923F-85E2E74037A1}"
EndProject
Project("{FAE04EC0-301F-11D3-BF4B-00C04F79EFBC}") = "Musaca.Models", "Apps\Musaca\Musaca.Models\Musaca.Models.csproj", "{EC4183C8-3A70-411E-8A13-D45C58CF90BA}"
EndProject
Project("{FAE04EC0-301F-11D3-BF4B-00C04F79EFBC}") = "Musaca.Services", "Apps\Musaca\Musaca.Services\Musaca.Services.csproj", "{202B7303-B642-4F8A-B847-19E93F4F6A2F}"
EndProject
Global
	GlobalSection(SolutionConfigurationPlatforms) = preSolution
		Debug|Any CPU = Debug|Any CPU
		Release|Any CPU = Release|Any CPU
	EndGlobalSection
	GlobalSection(ProjectConfigurationPlatforms) = postSolution
		{B0EFD95C-2CC9-4A0D-AC00-97D65BED98DF}.Debug|Any CPU.ActiveCfg = Debug|Any CPU
		{B0EFD95C-2CC9-4A0D-AC00-97D65BED98DF}.Debug|Any CPU.Build.0 = Debug|Any CPU
		{B0EFD95C-2CC9-4A0D-AC00-97D65BED98DF}.Release|Any CPU.ActiveCfg = Release|Any CPU
		{B0EFD95C-2CC9-4A0D-AC00-97D65BED98DF}.Release|Any CPU.Build.0 = Release|Any CPU
		{89E33653-E5F3-4474-A12E-AC4220682C11}.Debug|Any CPU.ActiveCfg = Debug|Any CPU
		{89E33653-E5F3-4474-A12E-AC4220682C11}.Debug|Any CPU.Build.0 = Debug|Any CPU
		{89E33653-E5F3-4474-A12E-AC4220682C11}.Release|Any CPU.ActiveCfg = Release|Any CPU
		{89E33653-E5F3-4474-A12E-AC4220682C11}.Release|Any CPU.Build.0 = Release|Any CPU
		{D224C3DB-34C3-4904-8E92-8BAA6A316183}.Debug|Any CPU.ActiveCfg = Debug|Any CPU
		{D224C3DB-34C3-4904-8E92-8BAA6A316183}.Debug|Any CPU.Build.0 = Debug|Any CPU
		{D224C3DB-34C3-4904-8E92-8BAA6A316183}.Release|Any CPU.ActiveCfg = Release|Any CPU
		{D224C3DB-34C3-4904-8E92-8BAA6A316183}.Release|Any CPU.Build.0 = Release|Any CPU
		{3F309F06-E91F-43A8-A5BF-AB233E377DBC}.Debug|Any CPU.ActiveCfg = Debug|Any CPU
		{3F309F06-E91F-43A8-A5BF-AB233E377DBC}.Debug|Any CPU.Build.0 = Debug|Any CPU
		{3F309F06-E91F-43A8-A5BF-AB233E377DBC}.Release|Any CPU.ActiveCfg = Release|Any CPU
		{3F309F06-E91F-43A8-A5BF-AB233E377DBC}.Release|Any CPU.Build.0 = Release|Any CPU
		{00DD1336-CC88-42ED-BB5D-0FFFA3E0EC58}.Debug|Any CPU.ActiveCfg = Debug|Any CPU
		{00DD1336-CC88-42ED-BB5D-0FFFA3E0EC58}.Debug|Any CPU.Build.0 = Debug|Any CPU
		{00DD1336-CC88-42ED-BB5D-0FFFA3E0EC58}.Release|Any CPU.ActiveCfg = Release|Any CPU
		{00DD1336-CC88-42ED-BB5D-0FFFA3E0EC58}.Release|Any CPU.Build.0 = Release|Any CPU
		{6ACCCC69-8557-4584-82AB-909134D014FB}.Debug|Any CPU.ActiveCfg = Debug|Any CPU
		{6ACCCC69-8557-4584-82AB-909134D014FB}.Debug|Any CPU.Build.0 = Debug|Any CPU
		{6ACCCC69-8557-4584-82AB-909134D014FB}.Release|Any CPU.ActiveCfg = Release|Any CPU
		{6ACCCC69-8557-4584-82AB-909134D014FB}.Release|Any CPU.Build.0 = Release|Any CPU
		{CC4FA1F8-50BF-4AFA-8032-4B226A9673BC}.Debug|Any CPU.ActiveCfg = Debug|Any CPU
		{CC4FA1F8-50BF-4AFA-8032-4B226A9673BC}.Debug|Any CPU.Build.0 = Debug|Any CPU
		{CC4FA1F8-50BF-4AFA-8032-4B226A9673BC}.Release|Any CPU.ActiveCfg = Release|Any CPU
		{CC4FA1F8-50BF-4AFA-8032-4B226A9673BC}.Release|Any CPU.Build.0 = Release|Any CPU
		{FD163BCC-64ED-4162-9B24-F06B1AAC0A34}.Debug|Any CPU.ActiveCfg = Debug|Any CPU
		{FD163BCC-64ED-4162-9B24-F06B1AAC0A34}.Debug|Any CPU.Build.0 = Debug|Any CPU
		{FD163BCC-64ED-4162-9B24-F06B1AAC0A34}.Release|Any CPU.ActiveCfg = Release|Any CPU
		{FD163BCC-64ED-4162-9B24-F06B1AAC0A34}.Release|Any CPU.Build.0 = Release|Any CPU
		{B7AE0755-A639-4137-BA4A-182762669958}.Debug|Any CPU.ActiveCfg = Debug|Any CPU
		{B7AE0755-A639-4137-BA4A-182762669958}.Debug|Any CPU.Build.0 = Debug|Any CPU
		{B7AE0755-A639-4137-BA4A-182762669958}.Release|Any CPU.ActiveCfg = Release|Any CPU
		{B7AE0755-A639-4137-BA4A-182762669958}.Release|Any CPU.Build.0 = Release|Any CPU
		{DA468161-9EA5-4BE0-BF92-EF4861CB218B}.Debug|Any CPU.ActiveCfg = Debug|Any CPU
		{DA468161-9EA5-4BE0-BF92-EF4861CB218B}.Debug|Any CPU.Build.0 = Debug|Any CPU
		{DA468161-9EA5-4BE0-BF92-EF4861CB218B}.Release|Any CPU.ActiveCfg = Release|Any CPU
		{DA468161-9EA5-4BE0-BF92-EF4861CB218B}.Release|Any CPU.Build.0 = Release|Any CPU
		{F5DB9A37-454D-4EC8-AF9B-EB1922BD0C06}.Debug|Any CPU.ActiveCfg = Debug|Any CPU
		{F5DB9A37-454D-4EC8-AF9B-EB1922BD0C06}.Debug|Any CPU.Build.0 = Debug|Any CPU
		{F5DB9A37-454D-4EC8-AF9B-EB1922BD0C06}.Release|Any CPU.ActiveCfg = Release|Any CPU
		{F5DB9A37-454D-4EC8-AF9B-EB1922BD0C06}.Release|Any CPU.Build.0 = Release|Any CPU
		{FC52B700-7D2E-475D-8CB1-34D9629DEE21}.Debug|Any CPU.ActiveCfg = Debug|Any CPU
		{FC52B700-7D2E-475D-8CB1-34D9629DEE21}.Debug|Any CPU.Build.0 = Debug|Any CPU
		{FC52B700-7D2E-475D-8CB1-34D9629DEE21}.Release|Any CPU.ActiveCfg = Release|Any CPU
		{FC52B700-7D2E-475D-8CB1-34D9629DEE21}.Release|Any CPU.Build.0 = Release|Any CPU
		{F5382B51-C9A9-4727-923F-85E2E74037A1}.Debug|Any CPU.ActiveCfg = Debug|Any CPU
		{F5382B51-C9A9-4727-923F-85E2E74037A1}.Debug|Any CPU.Build.0 = Debug|Any CPU
		{F5382B51-C9A9-4727-923F-85E2E74037A1}.Release|Any CPU.ActiveCfg = Release|Any CPU
		{F5382B51-C9A9-4727-923F-85E2E74037A1}.Release|Any CPU.Build.0 = Release|Any CPU
		{EC4183C8-3A70-411E-8A13-D45C58CF90BA}.Debug|Any CPU.ActiveCfg = Debug|Any CPU
		{EC4183C8-3A70-411E-8A13-D45C58CF90BA}.Debug|Any CPU.Build.0 = Debug|Any CPU
		{EC4183C8-3A70-411E-8A13-D45C58CF90BA}.Release|Any CPU.ActiveCfg = Release|Any CPU
		{EC4183C8-3A70-411E-8A13-D45C58CF90BA}.Release|Any CPU.Build.0 = Release|Any CPU
		{202B7303-B642-4F8A-B847-19E93F4F6A2F}.Debug|Any CPU.ActiveCfg = Debug|Any CPU
		{202B7303-B642-4F8A-B847-19E93F4F6A2F}.Debug|Any CPU.Build.0 = Debug|Any CPU
		{202B7303-B642-4F8A-B847-19E93F4F6A2F}.Release|Any CPU.ActiveCfg = Release|Any CPU
		{202B7303-B642-4F8A-B847-19E93F4F6A2F}.Release|Any CPU.Build.0 = Release|Any CPU
	EndGlobalSection
	GlobalSection(SolutionProperties) = preSolution
		HideSolutionNode = FALSE
	EndGlobalSection
	GlobalSection(NestedProjects) = preSolution
		{6B2DA201-80ED-4E34-B53F-8496F0ED4CF7} = {47708129-C3E2-4FE2-8D79-454C78149925}
		{3F309F06-E91F-43A8-A5BF-AB233E377DBC} = {6B2DA201-80ED-4E34-B53F-8496F0ED4CF7}
		{00DD1336-CC88-42ED-BB5D-0FFFA3E0EC58} = {6B2DA201-80ED-4E34-B53F-8496F0ED4CF7}
		{6ACCCC69-8557-4584-82AB-909134D014FB} = {6B2DA201-80ED-4E34-B53F-8496F0ED4CF7}
		{CC4FA1F8-50BF-4AFA-8032-4B226A9673BC} = {6B2DA201-80ED-4E34-B53F-8496F0ED4CF7}
		{668D1ED8-B875-4C6E-A54E-C9B295871B49} = {47708129-C3E2-4FE2-8D79-454C78149925}
		{FD163BCC-64ED-4162-9B24-F06B1AAC0A34} = {668D1ED8-B875-4C6E-A54E-C9B295871B49}
		{B7AE0755-A639-4137-BA4A-182762669958} = {668D1ED8-B875-4C6E-A54E-C9B295871B49}
		{DA468161-9EA5-4BE0-BF92-EF4861CB218B} = {668D1ED8-B875-4C6E-A54E-C9B295871B49}
		{F5DB9A37-454D-4EC8-AF9B-EB1922BD0C06} = {668D1ED8-B875-4C6E-A54E-C9B295871B49}
		{14368B58-E4AC-43A4-A7DA-422016AE6FFB} = {47708129-C3E2-4FE2-8D79-454C78149925}
		{FC52B700-7D2E-475D-8CB1-34D9629DEE21} = {14368B58-E4AC-43A4-A7DA-422016AE6FFB}
		{F5382B51-C9A9-4727-923F-85E2E74037A1} = {14368B58-E4AC-43A4-A7DA-422016AE6FFB}
		{EC4183C8-3A70-411E-8A13-D45C58CF90BA} = {14368B58-E4AC-43A4-A7DA-422016AE6FFB}
		{202B7303-B642-4F8A-B847-19E93F4F6A2F} = {14368B58-E4AC-43A4-A7DA-422016AE6FFB}
	EndGlobalSection
	GlobalSection(ExtensibilityGlobals) = postSolution
		SolutionGuid = {95749778-C448-4913-B813-04C78D964222}
	EndGlobalSection
EndGlobal
