
Microsoft Visual Studio Solution File, Format Version 12.00
# Visual Studio 15
VisualStudioVersion = 15.0.28010.2048
MinimumVisualStudioVersion = 10.0.40219.1
Project("{9A19103F-16F7-4668-BE54-9A1E7A4F7556}") = "Heroes", "Heroes.csproj", "{284005F8-DFDC-46F7-A5C9-67ACFE1F2ABA}"
EndProject
Global
	GlobalSection(SolutionConfigurationPlatforms) = preSolution
		Debug|Any CPU = Debug|Any CPU
		Release|Any CPU = Release|Any CPU
	EndGlobalSection
	GlobalSection(ProjectConfigurationPlatforms) = postSolution
		{284005F8-DFDC-46F7-A5C9-67ACFE1F2ABA}.Debug|Any CPU.ActiveCfg = Debug|Any CPU
		{284005F8-DFDC-46F7-A5C9-67ACFE1F2ABA}.Debug|Any CPU.Build.0 = Debug|Any CPU
		{284005F8-DFDC-46F7-A5C9-67ACFE1F2ABA}.Release|Any CPU.ActiveCfg = Release|Any CPU
		{284005F8-DFDC-46F7-A5C9-67ACFE1F2ABA}.Release|Any CPU.Build.0 = Release|Any CPU
	EndGlobalSection
	GlobalSection(SolutionProperties) = preSolution
		HideSolutionNode = FALSE
	EndGlobalSection
	GlobalSection(ExtensibilityGlobals) = postSolution
		SolutionGuid = {3D18C044-58E1-488F-A32B-ED1B05AC43CC}
	EndGlobalSection
EndGlobal
