
Microsoft Visual Studio Solution File, Format Version 12.00
# Visual Studio Version 16
VisualStudioVersion = 16.0.29418.71
MinimumVisualStudioVersion = 10.0.40219.1
Project("{FAE04EC0-301F-11D3-BF4B-00C04F79EFBC}") = "SoftUni", "SoftUni.csproj", "{2F86381B-536F-4741-96DC-DF6A82C32323}"
EndProject
Global
	GlobalSection(SolutionConfigurationPlatforms) = preSolution
		Debug|Any CPU = Debug|Any CPU
		Release|Any CPU = Release|Any CPU
	EndGlobalSection
	GlobalSection(ProjectConfigurationPlatforms) = postSolution
		{2F86381B-536F-4741-96DC-DF6A82C32323}.Debug|Any CPU.ActiveCfg = Debug|Any CPU
		{2F86381B-536F-4741-96DC-DF6A82C32323}.Debug|Any CPU.Build.0 = Debug|Any CPU
		{2F86381B-536F-4741-96DC-DF6A82C32323}.Release|Any CPU.ActiveCfg = Release|Any CPU
		{2F86381B-536F-4741-96DC-DF6A82C32323}.Release|Any CPU.Build.0 = Release|Any CPU
	EndGlobalSection
	GlobalSection(SolutionProperties) = preSolution
		HideSolutionNode = FALSE
	EndGlobalSection
	GlobalSection(ExtensibilityGlobals) = postSolution
		SolutionGuid = {7DCF9F77-3B22-485C-A99A-4457C1FDD79B}
	EndGlobalSection
EndGlobal
